# This file is automatically @generated by Poetry 1.4.2 and should not be changed by hand.

[[package]]
name = "certifi"
version = "2023.7.22"
description = "Python package for providing Mozilla's CA Bundle."
category = "main"
optional = false
python-versions = ">=3.6"
files = [
    {file = "certifi-2023.7.22-py3-none-any.whl", hash = "sha256:92d6037539857d8206b8f6ae472e8b77db8058fec5937a1ef3f54304089edbb9"},
    {file = "certifi-2023.7.22.tar.gz", hash = "sha256:539cc1d13202e33ca466e88b2807e29f4c13049d6d87031a3c110744495cb082"},
]

[[package]]
name = "charset-normalizer"
version = "3.3.0"
description = "The Real First Universal Charset Detector. Open, modern and actively maintained alternative to Chardet."
category = "main"
optional = false
python-versions = ">=3.7.0"
files = [
    {file = "charset-normalizer-3.3.0.tar.gz", hash = "sha256:63563193aec44bce707e0c5ca64ff69fa72ed7cf34ce6e11d5127555756fd2f6"},
    {file = "charset_normalizer-3.3.0-cp310-cp310-macosx_10_9_universal2.whl", hash = "sha256:effe5406c9bd748a871dbcaf3ac69167c38d72db8c9baf3ff954c344f31c4cbe"},
    {file = "charset_normalizer-3.3.0-cp310-cp310-macosx_10_9_x86_64.whl", hash = "sha256:4162918ef3098851fcd8a628bf9b6a98d10c380725df9e04caf5ca6dd48c847a"},
    {file = "charset_normalizer-3.3.0-cp310-cp310-macosx_11_0_arm64.whl", hash = "sha256:0570d21da019941634a531444364f2482e8db0b3425fcd5ac0c36565a64142c8"},
    {file = "charset_normalizer-3.3.0-cp310-cp310-manylinux_2_17_aarch64.manylinux2014_aarch64.whl", hash = "sha256:5707a746c6083a3a74b46b3a631d78d129edab06195a92a8ece755aac25a3f3d"},
    {file = "charset_normalizer-3.3.0-cp310-cp310-manylinux_2_17_ppc64le.manylinux2014_ppc64le.whl", hash = "sha256:278c296c6f96fa686d74eb449ea1697f3c03dc28b75f873b65b5201806346a69"},
    {file = "charset_normalizer-3.3.0-cp310-cp310-manylinux_2_17_s390x.manylinux2014_s390x.whl", hash = "sha256:a4b71f4d1765639372a3b32d2638197f5cd5221b19531f9245fcc9ee62d38f56"},
    {file = "charset_normalizer-3.3.0-cp310-cp310-manylinux_2_17_x86_64.manylinux2014_x86_64.whl", hash = "sha256:f5969baeaea61c97efa706b9b107dcba02784b1601c74ac84f2a532ea079403e"},
    {file = "charset_normalizer-3.3.0-cp310-cp310-manylinux_2_5_i686.manylinux1_i686.manylinux_2_17_i686.manylinux2014_i686.whl", hash = "sha256:a3f93dab657839dfa61025056606600a11d0b696d79386f974e459a3fbc568ec"},
    {file = "charset_normalizer-3.3.0-cp310-cp310-musllinux_1_1_aarch64.whl", hash = "sha256:db756e48f9c5c607b5e33dd36b1d5872d0422e960145b08ab0ec7fd420e9d649"},
    {file = "charset_normalizer-3.3.0-cp310-cp310-musllinux_1_1_i686.whl", hash = "sha256:232ac332403e37e4a03d209a3f92ed9071f7d3dbda70e2a5e9cff1c4ba9f0678"},
    {file = "charset_normalizer-3.3.0-cp310-cp310-musllinux_1_1_ppc64le.whl", hash = "sha256:e5c1502d4ace69a179305abb3f0bb6141cbe4714bc9b31d427329a95acfc8bdd"},
    {file = "charset_normalizer-3.3.0-cp310-cp310-musllinux_1_1_s390x.whl", hash = "sha256:2502dd2a736c879c0f0d3e2161e74d9907231e25d35794584b1ca5284e43f596"},
    {file = "charset_normalizer-3.3.0-cp310-cp310-musllinux_1_1_x86_64.whl", hash = "sha256:23e8565ab7ff33218530bc817922fae827420f143479b753104ab801145b1d5b"},
    {file = "charset_normalizer-3.3.0-cp310-cp310-win32.whl", hash = "sha256:1872d01ac8c618a8da634e232f24793883d6e456a66593135aeafe3784b0848d"},
    {file = "charset_normalizer-3.3.0-cp310-cp310-win_amd64.whl", hash = "sha256:557b21a44ceac6c6b9773bc65aa1b4cc3e248a5ad2f5b914b91579a32e22204d"},
    {file = "charset_normalizer-3.3.0-cp311-cp311-macosx_10_9_universal2.whl", hash = "sha256:d7eff0f27edc5afa9e405f7165f85a6d782d308f3b6b9d96016c010597958e63"},
    {file = "charset_normalizer-3.3.0-cp311-cp311-macosx_10_9_x86_64.whl", hash = "sha256:6a685067d05e46641d5d1623d7c7fdf15a357546cbb2f71b0ebde91b175ffc3e"},
    {file = "charset_normalizer-3.3.0-cp311-cp311-macosx_11_0_arm64.whl", hash = "sha256:0d3d5b7db9ed8a2b11a774db2bbea7ba1884430a205dbd54a32d61d7c2a190fa"},
    {file = "charset_normalizer-3.3.0-cp311-cp311-manylinux_2_17_aarch64.manylinux2014_aarch64.whl", hash = "sha256:2935ffc78db9645cb2086c2f8f4cfd23d9b73cc0dc80334bc30aac6f03f68f8c"},
    {file = "charset_normalizer-3.3.0-cp311-cp311-manylinux_2_17_ppc64le.manylinux2014_ppc64le.whl", hash = "sha256:9fe359b2e3a7729010060fbca442ca225280c16e923b37db0e955ac2a2b72a05"},
    {file = "charset_normalizer-3.3.0-cp311-cp311-manylinux_2_17_s390x.manylinux2014_s390x.whl", hash = "sha256:380c4bde80bce25c6e4f77b19386f5ec9db230df9f2f2ac1e5ad7af2caa70459"},
    {file = "charset_normalizer-3.3.0-cp311-cp311-manylinux_2_17_x86_64.manylinux2014_x86_64.whl", hash = "sha256:f0d1e3732768fecb052d90d62b220af62ead5748ac51ef61e7b32c266cac9293"},
    {file = "charset_normalizer-3.3.0-cp311-cp311-manylinux_2_5_i686.manylinux1_i686.manylinux_2_17_i686.manylinux2014_i686.whl", hash = "sha256:1b2919306936ac6efb3aed1fbf81039f7087ddadb3160882a57ee2ff74fd2382"},
    {file = "charset_normalizer-3.3.0-cp311-cp311-musllinux_1_1_aarch64.whl", hash = "sha256:f8888e31e3a85943743f8fc15e71536bda1c81d5aa36d014a3c0c44481d7db6e"},
    {file = "charset_normalizer-3.3.0-cp311-cp311-musllinux_1_1_i686.whl", hash = "sha256:82eb849f085624f6a607538ee7b83a6d8126df6d2f7d3b319cb837b289123078"},
    {file = "charset_normalizer-3.3.0-cp311-cp311-musllinux_1_1_ppc64le.whl", hash = "sha256:7b8b8bf1189b3ba9b8de5c8db4d541b406611a71a955bbbd7385bbc45fcb786c"},
    {file = "charset_normalizer-3.3.0-cp311-cp311-musllinux_1_1_s390x.whl", hash = "sha256:5adf257bd58c1b8632046bbe43ee38c04e1038e9d37de9c57a94d6bd6ce5da34"},
    {file = "charset_normalizer-3.3.0-cp311-cp311-musllinux_1_1_x86_64.whl", hash = "sha256:c350354efb159b8767a6244c166f66e67506e06c8924ed74669b2c70bc8735b1"},
    {file = "charset_normalizer-3.3.0-cp311-cp311-win32.whl", hash = "sha256:02af06682e3590ab952599fbadac535ede5d60d78848e555aa58d0c0abbde786"},
    {file = "charset_normalizer-3.3.0-cp311-cp311-win_amd64.whl", hash = "sha256:86d1f65ac145e2c9ed71d8ffb1905e9bba3a91ae29ba55b4c46ae6fc31d7c0d4"},
    {file = "charset_normalizer-3.3.0-cp312-cp312-macosx_10_9_universal2.whl", hash = "sha256:3b447982ad46348c02cb90d230b75ac34e9886273df3a93eec0539308a6296d7"},
    {file = "charset_normalizer-3.3.0-cp312-cp312-macosx_10_9_x86_64.whl", hash = "sha256:abf0d9f45ea5fb95051c8bfe43cb40cda383772f7e5023a83cc481ca2604d74e"},
    {file = "charset_normalizer-3.3.0-cp312-cp312-macosx_11_0_arm64.whl", hash = "sha256:b09719a17a2301178fac4470d54b1680b18a5048b481cb8890e1ef820cb80455"},
    {file = "charset_normalizer-3.3.0-cp312-cp312-manylinux_2_17_aarch64.manylinux2014_aarch64.whl", hash = "sha256:b3d9b48ee6e3967b7901c052b670c7dda6deb812c309439adaffdec55c6d7b78"},
    {file = "charset_normalizer-3.3.0-cp312-cp312-manylinux_2_17_ppc64le.manylinux2014_ppc64le.whl", hash = "sha256:edfe077ab09442d4ef3c52cb1f9dab89bff02f4524afc0acf2d46be17dc479f5"},
    {file = "charset_normalizer-3.3.0-cp312-cp312-manylinux_2_17_s390x.manylinux2014_s390x.whl", hash = "sha256:3debd1150027933210c2fc321527c2299118aa929c2f5a0a80ab6953e3bd1908"},
    {file = "charset_normalizer-3.3.0-cp312-cp312-manylinux_2_17_x86_64.manylinux2014_x86_64.whl", hash = "sha256:86f63face3a527284f7bb8a9d4f78988e3c06823f7bea2bd6f0e0e9298ca0403"},
    {file = "charset_normalizer-3.3.0-cp312-cp312-manylinux_2_5_i686.manylinux1_i686.manylinux_2_17_i686.manylinux2014_i686.whl", hash = "sha256:24817cb02cbef7cd499f7c9a2735286b4782bd47a5b3516a0e84c50eab44b98e"},
    {file = "charset_normalizer-3.3.0-cp312-cp312-musllinux_1_1_aarch64.whl", hash = "sha256:c71f16da1ed8949774ef79f4a0260d28b83b3a50c6576f8f4f0288d109777989"},
    {file = "charset_normalizer-3.3.0-cp312-cp312-musllinux_1_1_i686.whl", hash = "sha256:9cf3126b85822c4e53aa28c7ec9869b924d6fcfb76e77a45c44b83d91afd74f9"},
    {file = "charset_normalizer-3.3.0-cp312-cp312-musllinux_1_1_ppc64le.whl", hash = "sha256:b3b2316b25644b23b54a6f6401074cebcecd1244c0b8e80111c9a3f1c8e83d65"},
    {file = "charset_normalizer-3.3.0-cp312-cp312-musllinux_1_1_s390x.whl", hash = "sha256:03680bb39035fbcffe828eae9c3f8afc0428c91d38e7d61aa992ef7a59fb120e"},
    {file = "charset_normalizer-3.3.0-cp312-cp312-musllinux_1_1_x86_64.whl", hash = "sha256:4cc152c5dd831641e995764f9f0b6589519f6f5123258ccaca8c6d34572fefa8"},
    {file = "charset_normalizer-3.3.0-cp312-cp312-win32.whl", hash = "sha256:b8f3307af845803fb0b060ab76cf6dd3a13adc15b6b451f54281d25911eb92df"},
    {file = "charset_normalizer-3.3.0-cp312-cp312-win_amd64.whl", hash = "sha256:8eaf82f0eccd1505cf39a45a6bd0a8cf1c70dcfc30dba338207a969d91b965c0"},
    {file = "charset_normalizer-3.3.0-cp37-cp37m-macosx_10_9_x86_64.whl", hash = "sha256:dc45229747b67ffc441b3de2f3ae5e62877a282ea828a5bdb67883c4ee4a8810"},
    {file = "charset_normalizer-3.3.0-cp37-cp37m-manylinux_2_17_aarch64.manylinux2014_aarch64.whl", hash = "sha256:2f4a0033ce9a76e391542c182f0d48d084855b5fcba5010f707c8e8c34663d77"},
    {file = "charset_normalizer-3.3.0-cp37-cp37m-manylinux_2_17_ppc64le.manylinux2014_ppc64le.whl", hash = "sha256:ada214c6fa40f8d800e575de6b91a40d0548139e5dc457d2ebb61470abf50186"},
    {file = "charset_normalizer-3.3.0-cp37-cp37m-manylinux_2_17_s390x.manylinux2014_s390x.whl", hash = "sha256:b1121de0e9d6e6ca08289583d7491e7fcb18a439305b34a30b20d8215922d43c"},
    {file = "charset_normalizer-3.3.0-cp37-cp37m-manylinux_2_17_x86_64.manylinux2014_x86_64.whl", hash = "sha256:1063da2c85b95f2d1a430f1c33b55c9c17ffaf5e612e10aeaad641c55a9e2b9d"},
    {file = "charset_normalizer-3.3.0-cp37-cp37m-manylinux_2_5_i686.manylinux1_i686.manylinux_2_17_i686.manylinux2014_i686.whl", hash = "sha256:70f1d09c0d7748b73290b29219e854b3207aea922f839437870d8cc2168e31cc"},
    {file = "charset_normalizer-3.3.0-cp37-cp37m-musllinux_1_1_aarch64.whl", hash = "sha256:250c9eb0f4600361dd80d46112213dff2286231d92d3e52af1e5a6083d10cad9"},
    {file = "charset_normalizer-3.3.0-cp37-cp37m-musllinux_1_1_i686.whl", hash = "sha256:750b446b2ffce1739e8578576092179160f6d26bd5e23eb1789c4d64d5af7dc7"},
    {file = "charset_normalizer-3.3.0-cp37-cp37m-musllinux_1_1_ppc64le.whl", hash = "sha256:fc52b79d83a3fe3a360902d3f5d79073a993597d48114c29485e9431092905d8"},
    {file = "charset_normalizer-3.3.0-cp37-cp37m-musllinux_1_1_s390x.whl", hash = "sha256:588245972aca710b5b68802c8cad9edaa98589b1b42ad2b53accd6910dad3545"},
    {file = "charset_normalizer-3.3.0-cp37-cp37m-musllinux_1_1_x86_64.whl", hash = "sha256:e39c7eb31e3f5b1f88caff88bcff1b7f8334975b46f6ac6e9fc725d829bc35d4"},
    {file = "charset_normalizer-3.3.0-cp37-cp37m-win32.whl", hash = "sha256:abecce40dfebbfa6abf8e324e1860092eeca6f7375c8c4e655a8afb61af58f2c"},
    {file = "charset_normalizer-3.3.0-cp37-cp37m-win_amd64.whl", hash = "sha256:24a91a981f185721542a0b7c92e9054b7ab4fea0508a795846bc5b0abf8118d4"},
    {file = "charset_normalizer-3.3.0-cp38-cp38-macosx_10_9_universal2.whl", hash = "sha256:67b8cc9574bb518ec76dc8e705d4c39ae78bb96237cb533edac149352c1f39fe"},
    {file = "charset_normalizer-3.3.0-cp38-cp38-macosx_10_9_x86_64.whl", hash = "sha256:ac71b2977fb90c35d41c9453116e283fac47bb9096ad917b8819ca8b943abecd"},
    {file = "charset_normalizer-3.3.0-cp38-cp38-macosx_11_0_arm64.whl", hash = "sha256:3ae38d325b512f63f8da31f826e6cb6c367336f95e418137286ba362925c877e"},
    {file = "charset_normalizer-3.3.0-cp38-cp38-manylinux_2_17_aarch64.manylinux2014_aarch64.whl", hash = "sha256:542da1178c1c6af8873e143910e2269add130a299c9106eef2594e15dae5e482"},
    {file = "charset_normalizer-3.3.0-cp38-cp38-manylinux_2_17_ppc64le.manylinux2014_ppc64le.whl", hash = "sha256:30a85aed0b864ac88309b7d94be09f6046c834ef60762a8833b660139cfbad13"},
    {file = "charset_normalizer-3.3.0-cp38-cp38-manylinux_2_17_s390x.manylinux2014_s390x.whl", hash = "sha256:aae32c93e0f64469f74ccc730a7cb21c7610af3a775157e50bbd38f816536b38"},
    {file = "charset_normalizer-3.3.0-cp38-cp38-manylinux_2_17_x86_64.manylinux2014_x86_64.whl", hash = "sha256:15b26ddf78d57f1d143bdf32e820fd8935d36abe8a25eb9ec0b5a71c82eb3895"},
    {file = "charset_normalizer-3.3.0-cp38-cp38-manylinux_2_5_i686.manylinux1_i686.manylinux_2_17_i686.manylinux2014_i686.whl", hash = "sha256:7f5d10bae5d78e4551b7be7a9b29643a95aded9d0f602aa2ba584f0388e7a557"},
    {file = "charset_normalizer-3.3.0-cp38-cp38-musllinux_1_1_aarch64.whl", hash = "sha256:249c6470a2b60935bafd1d1d13cd613f8cd8388d53461c67397ee6a0f5dce741"},
    {file = "charset_normalizer-3.3.0-cp38-cp38-musllinux_1_1_i686.whl", hash = "sha256:c5a74c359b2d47d26cdbbc7845e9662d6b08a1e915eb015d044729e92e7050b7"},
    {file = "charset_normalizer-3.3.0-cp38-cp38-musllinux_1_1_ppc64le.whl", hash = "sha256:b5bcf60a228acae568e9911f410f9d9e0d43197d030ae5799e20dca8df588287"},
    {file = "charset_normalizer-3.3.0-cp38-cp38-musllinux_1_1_s390x.whl", hash = "sha256:187d18082694a29005ba2944c882344b6748d5be69e3a89bf3cc9d878e548d5a"},
    {file = "charset_normalizer-3.3.0-cp38-cp38-musllinux_1_1_x86_64.whl", hash = "sha256:81bf654678e575403736b85ba3a7867e31c2c30a69bc57fe88e3ace52fb17b89"},
    {file = "charset_normalizer-3.3.0-cp38-cp38-win32.whl", hash = "sha256:85a32721ddde63c9df9ebb0d2045b9691d9750cb139c161c80e500d210f5e26e"},
    {file = "charset_normalizer-3.3.0-cp38-cp38-win_amd64.whl", hash = "sha256:468d2a840567b13a590e67dd276c570f8de00ed767ecc611994c301d0f8c014f"},
    {file = "charset_normalizer-3.3.0-cp39-cp39-macosx_10_9_universal2.whl", hash = "sha256:e0fc42822278451bc13a2e8626cf2218ba570f27856b536e00cfa53099724828"},
    {file = "charset_normalizer-3.3.0-cp39-cp39-macosx_10_9_x86_64.whl", hash = "sha256:09c77f964f351a7369cc343911e0df63e762e42bac24cd7d18525961c81754f4"},
    {file = "charset_normalizer-3.3.0-cp39-cp39-macosx_11_0_arm64.whl", hash = "sha256:12ebea541c44fdc88ccb794a13fe861cc5e35d64ed689513a5c03d05b53b7c82"},
    {file = "charset_normalizer-3.3.0-cp39-cp39-manylinux_2_17_aarch64.manylinux2014_aarch64.whl", hash = "sha256:805dfea4ca10411a5296bcc75638017215a93ffb584c9e344731eef0dcfb026a"},
    {file = "charset_normalizer-3.3.0-cp39-cp39-manylinux_2_17_ppc64le.manylinux2014_ppc64le.whl", hash = "sha256:96c2b49eb6a72c0e4991d62406e365d87067ca14c1a729a870d22354e6f68115"},
    {file = "charset_normalizer-3.3.0-cp39-cp39-manylinux_2_17_s390x.manylinux2014_s390x.whl", hash = "sha256:aaf7b34c5bc56b38c931a54f7952f1ff0ae77a2e82496583b247f7c969eb1479"},
    {file = "charset_normalizer-3.3.0-cp39-cp39-manylinux_2_17_x86_64.manylinux2014_x86_64.whl", hash = "sha256:619d1c96099be5823db34fe89e2582b336b5b074a7f47f819d6b3a57ff7bdb86"},
    {file = "charset_normalizer-3.3.0-cp39-cp39-manylinux_2_5_i686.manylinux1_i686.manylinux_2_17_i686.manylinux2014_i686.whl", hash = "sha256:a0ac5e7015a5920cfce654c06618ec40c33e12801711da6b4258af59a8eff00a"},
    {file = "charset_normalizer-3.3.0-cp39-cp39-musllinux_1_1_aarch64.whl", hash = "sha256:93aa7eef6ee71c629b51ef873991d6911b906d7312c6e8e99790c0f33c576f89"},
    {file = "charset_normalizer-3.3.0-cp39-cp39-musllinux_1_1_i686.whl", hash = "sha256:7966951325782121e67c81299a031f4c115615e68046f79b85856b86ebffc4cd"},
    {file = "charset_normalizer-3.3.0-cp39-cp39-musllinux_1_1_ppc64le.whl", hash = "sha256:02673e456dc5ab13659f85196c534dc596d4ef260e4d86e856c3b2773ce09843"},
    {file = "charset_normalizer-3.3.0-cp39-cp39-musllinux_1_1_s390x.whl", hash = "sha256:c2af80fb58f0f24b3f3adcb9148e6203fa67dd3f61c4af146ecad033024dde43"},
    {file = "charset_normalizer-3.3.0-cp39-cp39-musllinux_1_1_x86_64.whl", hash = "sha256:153e7b6e724761741e0974fc4dcd406d35ba70b92bfe3fedcb497226c93b9da7"},
    {file = "charset_normalizer-3.3.0-cp39-cp39-win32.whl", hash = "sha256:d47ecf253780c90ee181d4d871cd655a789da937454045b17b5798da9393901a"},
    {file = "charset_normalizer-3.3.0-cp39-cp39-win_amd64.whl", hash = "sha256:d97d85fa63f315a8bdaba2af9a6a686e0eceab77b3089af45133252618e70884"},
    {file = "charset_normalizer-3.3.0-py3-none-any.whl", hash = "sha256:e46cd37076971c1040fc8c41273a8b3e2c624ce4f2be3f5dfcb7a430c1d3acc2"},
]

[[package]]
name = "idna"
version = "3.4"
description = "Internationalized Domain Names in Applications (IDNA)"
category = "main"
optional = false
python-versions = ">=3.5"
files = [
    {file = "idna-3.4-py3-none-any.whl", hash = "sha256:90b77e79eaa3eba6de819a0c442c0b4ceefc341a7a2ab77d7562bf49f425c5c2"},
    {file = "idna-3.4.tar.gz", hash = "sha256:814f528e8dead7d329833b91c5faa87d60bf71824cd12a7530b5526063d02cb4"},
]

[[package]]
name = "requests"
version = "2.31.0"
description = "Python HTTP for Humans."
category = "main"
optional = false
python-versions = ">=3.7"
files = [
    {file = "requests-2.31.0-py3-none-any.whl", hash = "sha256:58cd2187c01e70e6e26505bca751777aa9f2ee0b7f4300988b709f44e013003f"},
    {file = "requests-2.31.0.tar.gz", hash = "sha256:942c5a758f98d790eaed1a29cb6eefc7ffb0d1cf7af05c3d2791656dbd6ad1e1"},
]

[package.dependencies]
certifi = ">=2017.4.17"
charset-normalizer = ">=2,<4"
idna = ">=2.5,<4"
urllib3 = ">=1.21.1,<3"

[package.extras]
socks = ["PySocks (>=1.5.6,!=1.5.7)"]
use-chardet-on-py3 = ["chardet (>=3.0.2,<6)"]

[[package]]
name = "setproctitle"
version = "1.3.3"
description = "A Python module to customize the process title"
category = "main"
optional = false
python-versions = ">=3.7"
files = [
    {file = "setproctitle-1.3.3-cp310-cp310-macosx_10_9_universal2.whl", hash = "sha256:897a73208da48db41e687225f355ce993167079eda1260ba5e13c4e53be7f754"},
    {file = "setproctitle-1.3.3-cp310-cp310-macosx_10_9_x86_64.whl", hash = "sha256:8c331e91a14ba4076f88c29c777ad6b58639530ed5b24b5564b5ed2fd7a95452"},
    {file = "setproctitle-1.3.3-cp310-cp310-manylinux_2_17_aarch64.manylinux2014_aarch64.whl", hash = "sha256:bbbd6c7de0771c84b4aa30e70b409565eb1fc13627a723ca6be774ed6b9d9fa3"},
    {file = "setproctitle-1.3.3-cp310-cp310-manylinux_2_17_ppc64le.manylinux2014_ppc64le.whl", hash = "sha256:c05ac48ef16ee013b8a326c63e4610e2430dbec037ec5c5b58fcced550382b74"},
    {file = "setproctitle-1.3.3-cp310-cp310-manylinux_2_5_i686.manylinux1_i686.manylinux_2_17_i686.manylinux2014_i686.whl", hash = "sha256:1342f4fdb37f89d3e3c1c0a59d6ddbedbde838fff5c51178a7982993d238fe4f"},
    {file = "setproctitle-1.3.3-cp310-cp310-manylinux_2_5_x86_64.manylinux1_x86_64.manylinux_2_17_x86_64.manylinux2014_x86_64.whl", hash = "sha256:fc74e84fdfa96821580fb5e9c0b0777c1c4779434ce16d3d62a9c4d8c710df39"},
    {file = "setproctitle-1.3.3-cp310-cp310-musllinux_1_1_aarch64.whl", hash = "sha256:9617b676b95adb412bb69645d5b077d664b6882bb0d37bfdafbbb1b999568d85"},
    {file = "setproctitle-1.3.3-cp310-cp310-musllinux_1_1_i686.whl", hash = "sha256:6a249415f5bb88b5e9e8c4db47f609e0bf0e20a75e8d744ea787f3092ba1f2d0"},
    {file = "setproctitle-1.3.3-cp310-cp310-musllinux_1_1_ppc64le.whl", hash = "sha256:38da436a0aaace9add67b999eb6abe4b84397edf4a78ec28f264e5b4c9d53cd5"},
    {file = "setproctitle-1.3.3-cp310-cp310-musllinux_1_1_x86_64.whl", hash = "sha256:da0d57edd4c95bf221b2ebbaa061e65b1788f1544977288bdf95831b6e44e44d"},
    {file = "setproctitle-1.3.3-cp310-cp310-win32.whl", hash = "sha256:a1fcac43918b836ace25f69b1dca8c9395253ad8152b625064415b1d2f9be4fb"},
    {file = "setproctitle-1.3.3-cp310-cp310-win_amd64.whl", hash = "sha256:200620c3b15388d7f3f97e0ae26599c0c378fdf07ae9ac5a13616e933cbd2086"},
    {file = "setproctitle-1.3.3-cp311-cp311-macosx_10_9_universal2.whl", hash = "sha256:334f7ed39895d692f753a443102dd5fed180c571eb6a48b2a5b7f5b3564908c8"},
    {file = "setproctitle-1.3.3-cp311-cp311-macosx_10_9_x86_64.whl", hash = "sha256:950f6476d56ff7817a8fed4ab207727fc5260af83481b2a4b125f32844df513a"},
    {file = "setproctitle-1.3.3-cp311-cp311-manylinux_2_17_aarch64.manylinux2014_aarch64.whl", hash = "sha256:195c961f54a09eb2acabbfc90c413955cf16c6e2f8caa2adbf2237d1019c7dd8"},
    {file = "setproctitle-1.3.3-cp311-cp311-manylinux_2_17_ppc64le.manylinux2014_ppc64le.whl", hash = "sha256:f05e66746bf9fe6a3397ec246fe481096664a9c97eb3fea6004735a4daf867fd"},
    {file = "setproctitle-1.3.3-cp311-cp311-manylinux_2_5_i686.manylinux1_i686.manylinux_2_17_i686.manylinux2014_i686.whl", hash = "sha256:b5901a31012a40ec913265b64e48c2a4059278d9f4e6be628441482dd13fb8b5"},
    {file = "setproctitle-1.3.3-cp311-cp311-manylinux_2_5_x86_64.manylinux1_x86_64.manylinux_2_17_x86_64.manylinux2014_x86_64.whl", hash = "sha256:64286f8a995f2cd934082b398fc63fca7d5ffe31f0e27e75b3ca6b4efda4e353"},
    {file = "setproctitle-1.3.3-cp311-cp311-musllinux_1_1_aarch64.whl", hash = "sha256:184239903bbc6b813b1a8fc86394dc6ca7d20e2ebe6f69f716bec301e4b0199d"},
    {file = "setproctitle-1.3.3-cp311-cp311-musllinux_1_1_i686.whl", hash = "sha256:664698ae0013f986118064b6676d7dcd28fefd0d7d5a5ae9497cbc10cba48fa5"},
    {file = "setproctitle-1.3.3-cp311-cp311-musllinux_1_1_ppc64le.whl", hash = "sha256:e5119a211c2e98ff18b9908ba62a3bd0e3fabb02a29277a7232a6fb4b2560aa0"},
    {file = "setproctitle-1.3.3-cp311-cp311-musllinux_1_1_x86_64.whl", hash = "sha256:417de6b2e214e837827067048f61841f5d7fc27926f2e43954567094051aff18"},
    {file = "setproctitle-1.3.3-cp311-cp311-win32.whl", hash = "sha256:6a143b31d758296dc2f440175f6c8e0b5301ced3b0f477b84ca43cdcf7f2f476"},
    {file = "setproctitle-1.3.3-cp311-cp311-win_amd64.whl", hash = "sha256:a680d62c399fa4b44899094027ec9a1bdaf6f31c650e44183b50d4c4d0ccc085"},
    {file = "setproctitle-1.3.3-cp312-cp312-macosx_10_9_universal2.whl", hash = "sha256:d4460795a8a7a391e3567b902ec5bdf6c60a47d791c3b1d27080fc203d11c9dc"},
    {file = "setproctitle-1.3.3-cp312-cp312-macosx_10_9_x86_64.whl", hash = "sha256:bdfd7254745bb737ca1384dee57e6523651892f0ea2a7344490e9caefcc35e64"},
    {file = "setproctitle-1.3.3-cp312-cp312-manylinux_2_17_aarch64.manylinux2014_aarch64.whl", hash = "sha256:477d3da48e216d7fc04bddab67b0dcde633e19f484a146fd2a34bb0e9dbb4a1e"},
    {file = "setproctitle-1.3.3-cp312-cp312-manylinux_2_17_ppc64le.manylinux2014_ppc64le.whl", hash = "sha256:ab2900d111e93aff5df9fddc64cf51ca4ef2c9f98702ce26524f1acc5a786ae7"},
    {file = "setproctitle-1.3.3-cp312-cp312-manylinux_2_5_i686.manylinux1_i686.manylinux_2_17_i686.manylinux2014_i686.whl", hash = "sha256:088b9efc62d5aa5d6edf6cba1cf0c81f4488b5ce1c0342a8b67ae39d64001120"},
    {file = "setproctitle-1.3.3-cp312-cp312-manylinux_2_5_x86_64.manylinux1_x86_64.manylinux_2_17_x86_64.manylinux2014_x86_64.whl", hash = "sha256:a6d50252377db62d6a0bb82cc898089916457f2db2041e1d03ce7fadd4a07381"},
    {file = "setproctitle-1.3.3-cp312-cp312-musllinux_1_1_aarch64.whl", hash = "sha256:87e668f9561fd3a457ba189edfc9e37709261287b52293c115ae3487a24b92f6"},
    {file = "setproctitle-1.3.3-cp312-cp312-musllinux_1_1_i686.whl", hash = "sha256:287490eb90e7a0ddd22e74c89a92cc922389daa95babc833c08cf80c84c4df0a"},
    {file = "setproctitle-1.3.3-cp312-cp312-musllinux_1_1_ppc64le.whl", hash = "sha256:4fe1c49486109f72d502f8be569972e27f385fe632bd8895f4730df3c87d5ac8"},
    {file = "setproctitle-1.3.3-cp312-cp312-musllinux_1_1_x86_64.whl", hash = "sha256:4a6ba2494a6449b1f477bd3e67935c2b7b0274f2f6dcd0f7c6aceae10c6c6ba3"},
    {file = "setproctitle-1.3.3-cp312-cp312-win32.whl", hash = "sha256:2df2b67e4b1d7498632e18c56722851ba4db5d6a0c91aaf0fd395111e51cdcf4"},
    {file = "setproctitle-1.3.3-cp312-cp312-win_amd64.whl", hash = "sha256:f38d48abc121263f3b62943f84cbaede05749047e428409c2c199664feb6abc7"},
    {file = "setproctitle-1.3.3-cp37-cp37m-macosx_10_9_x86_64.whl", hash = "sha256:816330675e3504ae4d9a2185c46b573105d2310c20b19ea2b4596a9460a4f674"},
    {file = "setproctitle-1.3.3-cp37-cp37m-manylinux_2_17_aarch64.manylinux2014_aarch64.whl", hash = "sha256:68f960bc22d8d8e4ac886d1e2e21ccbd283adcf3c43136161c1ba0fa509088e0"},
    {file = "setproctitle-1.3.3-cp37-cp37m-manylinux_2_17_ppc64le.manylinux2014_ppc64le.whl", hash = "sha256:00e6e7adff74796ef12753ff399491b8827f84f6c77659d71bd0b35870a17d8f"},
    {file = "setproctitle-1.3.3-cp37-cp37m-manylinux_2_5_i686.manylinux1_i686.manylinux_2_17_i686.manylinux2014_i686.whl", hash = "sha256:53bc0d2358507596c22b02db079618451f3bd720755d88e3cccd840bafb4c41c"},
    {file = "setproctitle-1.3.3-cp37-cp37m-manylinux_2_5_x86_64.manylinux1_x86_64.manylinux_2_17_x86_64.manylinux2014_x86_64.whl", hash = "sha256:ad6d20f9541f5f6ac63df553b6d7a04f313947f550eab6a61aa758b45f0d5657"},
    {file = "setproctitle-1.3.3-cp37-cp37m-musllinux_1_1_aarch64.whl", hash = "sha256:c1c84beab776b0becaa368254801e57692ed749d935469ac10e2b9b825dbdd8e"},
    {file = "setproctitle-1.3.3-cp37-cp37m-musllinux_1_1_i686.whl", hash = "sha256:507e8dc2891021350eaea40a44ddd887c9f006e6b599af8d64a505c0f718f170"},
    {file = "setproctitle-1.3.3-cp37-cp37m-musllinux_1_1_ppc64le.whl", hash = "sha256:b1067647ac7aba0b44b591936118a22847bda3c507b0a42d74272256a7a798e9"},
    {file = "setproctitle-1.3.3-cp37-cp37m-musllinux_1_1_x86_64.whl", hash = "sha256:2e71f6365744bf53714e8bd2522b3c9c1d83f52ffa6324bd7cbb4da707312cd8"},
    {file = "setproctitle-1.3.3-cp37-cp37m-win32.whl", hash = "sha256:7f1d36a1e15a46e8ede4e953abb104fdbc0845a266ec0e99cc0492a4364f8c44"},
    {file = "setproctitle-1.3.3-cp37-cp37m-win_amd64.whl", hash = "sha256:c9a402881ec269d0cc9c354b149fc29f9ec1a1939a777f1c858cdb09c7a261df"},
    {file = "setproctitle-1.3.3-cp38-cp38-macosx_10_9_universal2.whl", hash = "sha256:ff814dea1e5c492a4980e3e7d094286077054e7ea116cbeda138819db194b2cd"},
    {file = "setproctitle-1.3.3-cp38-cp38-macosx_10_9_x86_64.whl", hash = "sha256:accb66d7b3ccb00d5cd11d8c6e07055a4568a24c95cf86109894dcc0c134cc89"},
    {file = "setproctitle-1.3.3-cp38-cp38-manylinux_2_17_aarch64.manylinux2014_aarch64.whl", hash = "sha256:554eae5a5b28f02705b83a230e9d163d645c9a08914c0ad921df363a07cf39b1"},
    {file = "setproctitle-1.3.3-cp38-cp38-manylinux_2_17_ppc64le.manylinux2014_ppc64le.whl", hash = "sha256:a911b26264dbe9e8066c7531c0591cfab27b464459c74385b276fe487ca91c12"},
    {file = "setproctitle-1.3.3-cp38-cp38-manylinux_2_5_i686.manylinux1_i686.manylinux_2_17_i686.manylinux2014_i686.whl", hash = "sha256:2982efe7640c4835f7355fdb4da313ad37fb3b40f5c69069912f8048f77b28c8"},
    {file = "setproctitle-1.3.3-cp38-cp38-manylinux_2_5_x86_64.manylinux1_x86_64.manylinux_2_17_x86_64.manylinux2014_x86_64.whl", hash = "sha256:df3f4274b80709d8bcab2f9a862973d453b308b97a0b423a501bcd93582852e3"},
    {file = "setproctitle-1.3.3-cp38-cp38-musllinux_1_1_aarch64.whl", hash = "sha256:af2c67ae4c795d1674a8d3ac1988676fa306bcfa1e23fddb5e0bd5f5635309ca"},
    {file = "setproctitle-1.3.3-cp38-cp38-musllinux_1_1_i686.whl", hash = "sha256:af4061f67fd7ec01624c5e3c21f6b7af2ef0e6bab7fbb43f209e6506c9ce0092"},
    {file = "setproctitle-1.3.3-cp38-cp38-musllinux_1_1_ppc64le.whl", hash = "sha256:37a62cbe16d4c6294e84670b59cf7adcc73faafe6af07f8cb9adaf1f0e775b19"},
    {file = "setproctitle-1.3.3-cp38-cp38-musllinux_1_1_x86_64.whl", hash = "sha256:a83ca086fbb017f0d87f240a8f9bbcf0809f3b754ee01cec928fff926542c450"},
    {file = "setproctitle-1.3.3-cp38-cp38-win32.whl", hash = "sha256:059f4ce86f8cc92e5860abfc43a1dceb21137b26a02373618d88f6b4b86ba9b2"},
    {file = "setproctitle-1.3.3-cp38-cp38-win_amd64.whl", hash = "sha256:ab92e51cd4a218208efee4c6d37db7368fdf182f6e7ff148fb295ecddf264287"},
    {file = "setproctitle-1.3.3-cp39-cp39-macosx_10_9_universal2.whl", hash = "sha256:c7951820b77abe03d88b114b998867c0f99da03859e5ab2623d94690848d3e45"},
    {file = "setproctitle-1.3.3-cp39-cp39-macosx_10_9_x86_64.whl", hash = "sha256:5bc94cf128676e8fac6503b37763adb378e2b6be1249d207630f83fc325d9b11"},
    {file = "setproctitle-1.3.3-cp39-cp39-manylinux_2_17_aarch64.manylinux2014_aarch64.whl", hash = "sha256:1f5d9027eeda64d353cf21a3ceb74bb1760bd534526c9214e19f052424b37e42"},
    {file = "setproctitle-1.3.3-cp39-cp39-manylinux_2_17_ppc64le.manylinux2014_ppc64le.whl", hash = "sha256:2e4a8104db15d3462e29d9946f26bed817a5b1d7a47eabca2d9dc2b995991503"},
    {file = "setproctitle-1.3.3-cp39-cp39-manylinux_2_5_i686.manylinux1_i686.manylinux_2_17_i686.manylinux2014_i686.whl", hash = "sha256:c32c41ace41f344d317399efff4cffb133e709cec2ef09c99e7a13e9f3b9483c"},
    {file = "setproctitle-1.3.3-cp39-cp39-manylinux_2_5_x86_64.manylinux1_x86_64.manylinux_2_17_x86_64.manylinux2014_x86_64.whl", hash = "sha256:cbf16381c7bf7f963b58fb4daaa65684e10966ee14d26f5cc90f07049bfd8c1e"},
    {file = "setproctitle-1.3.3-cp39-cp39-musllinux_1_1_aarch64.whl", hash = "sha256:e18b7bd0898398cc97ce2dfc83bb192a13a087ef6b2d5a8a36460311cb09e775"},
    {file = "setproctitle-1.3.3-cp39-cp39-musllinux_1_1_i686.whl", hash = "sha256:69d565d20efe527bd8a9b92e7f299ae5e73b6c0470f3719bd66f3cd821e0d5bd"},
    {file = "setproctitle-1.3.3-cp39-cp39-musllinux_1_1_ppc64le.whl", hash = "sha256:ddedd300cd690a3b06e7eac90ed4452348b1348635777ce23d460d913b5b63c3"},
    {file = "setproctitle-1.3.3-cp39-cp39-musllinux_1_1_x86_64.whl", hash = "sha256:415bfcfd01d1fbf5cbd75004599ef167a533395955305f42220a585f64036081"},
    {file = "setproctitle-1.3.3-cp39-cp39-win32.whl", hash = "sha256:21112fcd2195d48f25760f0eafa7a76510871bbb3b750219310cf88b04456ae3"},
    {file = "setproctitle-1.3.3-cp39-cp39-win_amd64.whl", hash = "sha256:5a740f05d0968a5a17da3d676ce6afefebeeeb5ce137510901bf6306ba8ee002"},
    {file = "setproctitle-1.3.3-pp310-pypy310_pp73-macosx_10_9_x86_64.whl", hash = "sha256:6b9e62ddb3db4b5205c0321dd69a406d8af9ee1693529d144e86bd43bcb4b6c0"},
    {file = "setproctitle-1.3.3-pp310-pypy310_pp73-manylinux_2_5_i686.manylinux1_i686.manylinux_2_17_i686.manylinux2014_i686.whl", hash = "sha256:9e3b99b338598de0bd6b2643bf8c343cf5ff70db3627af3ca427a5e1a1a90dd9"},
    {file = "setproctitle-1.3.3-pp310-pypy310_pp73-manylinux_2_5_x86_64.manylinux1_x86_64.manylinux_2_17_x86_64.manylinux2014_x86_64.whl", hash = "sha256:38ae9a02766dad331deb06855fb7a6ca15daea333b3967e214de12cfae8f0ef5"},
    {file = "setproctitle-1.3.3-pp310-pypy310_pp73-win_amd64.whl", hash = "sha256:200ede6fd11233085ba9b764eb055a2a191fb4ffb950c68675ac53c874c22e20"},
    {file = "setproctitle-1.3.3-pp37-pypy37_pp73-macosx_10_9_x86_64.whl", hash = "sha256:0d3a953c50776751e80fe755a380a64cb14d61e8762bd43041ab3f8cc436092f"},
    {file = "setproctitle-1.3.3-pp37-pypy37_pp73-manylinux_2_5_i686.manylinux1_i686.manylinux_2_17_i686.manylinux2014_i686.whl", hash = "sha256:e5e08e232b78ba3ac6bc0d23ce9e2bee8fad2be391b7e2da834fc9a45129eb87"},
    {file = "setproctitle-1.3.3-pp37-pypy37_pp73-manylinux_2_5_x86_64.manylinux1_x86_64.manylinux_2_17_x86_64.manylinux2014_x86_64.whl", hash = "sha256:f1da82c3e11284da4fcbf54957dafbf0655d2389cd3d54e4eaba636faf6d117a"},
    {file = "setproctitle-1.3.3-pp37-pypy37_pp73-win_amd64.whl", hash = "sha256:aeaa71fb9568ebe9b911ddb490c644fbd2006e8c940f21cb9a1e9425bd709574"},
    {file = "setproctitle-1.3.3-pp38-pypy38_pp73-macosx_10_9_x86_64.whl", hash = "sha256:59335d000c6250c35989394661eb6287187854e94ac79ea22315469ee4f4c244"},
    {file = "setproctitle-1.3.3-pp38-pypy38_pp73-manylinux_2_5_i686.manylinux1_i686.manylinux_2_17_i686.manylinux2014_i686.whl", hash = "sha256:c3ba57029c9c50ecaf0c92bb127224cc2ea9fda057b5d99d3f348c9ec2855ad3"},
    {file = "setproctitle-1.3.3-pp38-pypy38_pp73-manylinux_2_5_x86_64.manylinux1_x86_64.manylinux_2_17_x86_64.manylinux2014_x86_64.whl", hash = "sha256:d876d355c53d975c2ef9c4f2487c8f83dad6aeaaee1b6571453cb0ee992f55f6"},
    {file = "setproctitle-1.3.3-pp38-pypy38_pp73-win_amd64.whl", hash = "sha256:224602f0939e6fb9d5dd881be1229d485f3257b540f8a900d4271a2c2aa4e5f4"},
    {file = "setproctitle-1.3.3-pp39-pypy39_pp73-macosx_10_9_x86_64.whl", hash = "sha256:d7f27e0268af2d7503386e0e6be87fb9b6657afd96f5726b733837121146750d"},
    {file = "setproctitle-1.3.3-pp39-pypy39_pp73-manylinux_2_5_i686.manylinux1_i686.manylinux_2_17_i686.manylinux2014_i686.whl", hash = "sha256:f5e7266498cd31a4572378c61920af9f6b4676a73c299fce8ba93afd694f8ae7"},
    {file = "setproctitle-1.3.3-pp39-pypy39_pp73-manylinux_2_5_x86_64.manylinux1_x86_64.manylinux_2_17_x86_64.manylinux2014_x86_64.whl", hash = "sha256:33c5609ad51cd99d388e55651b19148ea99727516132fb44680e1f28dd0d1de9"},
    {file = "setproctitle-1.3.3-pp39-pypy39_pp73-win_amd64.whl", hash = "sha256:eae8988e78192fd1a3245a6f4f382390b61bce6cfcc93f3809726e4c885fa68d"},
    {file = "setproctitle-1.3.3.tar.gz", hash = "sha256:c913e151e7ea01567837ff037a23ca8740192880198b7fbb90b16d181607caae"},
]

[package.extras]
test = ["pytest"]

[[package]]
name = "toml"
version = "0.10.2"
description = "Python Library for Tom's Obvious, Minimal Language"
category = "main"
optional = false
python-versions = ">=2.6, !=3.0.*, !=3.1.*, !=3.2.*"
files = [
    {file = "toml-0.10.2-py2.py3-none-any.whl", hash = "sha256:806143ae5bfb6a3c6e736a764057db0e6a0e05e338b5630894a5f779cabb4f9b"},
    {file = "toml-0.10.2.tar.gz", hash = "sha256:b3bda1d108d5dd99f4a20d24d9c348e91c4db7ab1b749200bded2f839ccbe68f"},
]

[[package]]
name = "urllib3"
version = "2.0.7"
description = "HTTP library with thread-safe connection pooling, file post, and more."
category = "main"
optional = false
python-versions = ">=3.7"
files = [
    {file = "urllib3-2.0.7-py3-none-any.whl", hash = "sha256:fdb6d215c776278489906c2f8916e6e7d4f5a9b602ccbcfdf7f016fc8da0596e"},
    {file = "urllib3-2.0.7.tar.gz", hash = "sha256:c97dfde1f7bd43a71c8d2a58e369e9b2bf692d1334ea9f9cae55add7d0dd0f84"},
]

[package.extras]
brotli = ["brotli (>=1.0.9)", "brotlicffi (>=0.8.0)"]
secure = ["certifi", "cryptography (>=1.9)", "idna (>=2.0.0)", "pyopenssl (>=17.1.0)", "urllib3-secure-extra"]
socks = ["pysocks (>=1.5.6,!=1.5.7,<2.0)"]
zstd = ["zstandard (>=0.18.0)"]

[metadata]
lock-version = "2.0"
python-versions = "^3.11"
content-hash = "1974d69a516c872ec85dc6ca4d1731e02361a09b81f16859d4cfc8ddbca15526"
